// !$*UTF8*$!
{
	archiveVersion = 1;
	classes = {
	};
	objectVersion = 50;
	objects = {

/* Begin PBXBuildFile section */
		505A7925240A0C6500CF38C8 /* AppDelegate.swift in Sources */ = {isa = PBXBuildFile; fileRef = 505A7924240A0C6500CF38C8 /* AppDelegate.swift */; };
		505A7927240A0C6500CF38C8 /* SceneDelegate.swift in Sources */ = {isa = PBXBuildFile; fileRef = 505A7926240A0C6500CF38C8 /* SceneDelegate.swift */; };
		505A7929240A0C6500CF38C8 /* ViewController.swift in Sources */ = {isa = PBXBuildFile; fileRef = 505A7928240A0C6500CF38C8 /* ViewController.swift */; };
		505A792C240A0C6500CF38C8 /* Main.storyboard in Resources */ = {isa = PBXBuildFile; fileRef = 505A792A240A0C6500CF38C8 /* Main.storyboard */; };
		505A792E240A0C6600CF38C8 /* Assets.xcassets in Resources */ = {isa = PBXBuildFile; fileRef = 505A792D240A0C6600CF38C8 /* Assets.xcassets */; };
		505A7931240A0C6700CF38C8 /* LaunchScreen.storyboard in Resources */ = {isa = PBXBuildFile; fileRef = 505A792F240A0C6700CF38C8 /* LaunchScreen.storyboard */; };
		505A793B240A0CD200CF38C8 /* ButtonAnimationViewController.swift in Sources */ = {isa = PBXBuildFile; fileRef = 505A7939240A0CD200CF38C8 /* ButtonAnimationViewController.swift */; };
		505A7940240A0FD500CF38C8 /* ButtonAnimationViewController.storyboard in Resources */ = {isa = PBXBuildFile; fileRef = 505A793F240A0FD400CF38C8 /* ButtonAnimationViewController.storyboard */; };
		505A7945240A1A2500CF38C8 /* FadableButton.swift in Sources */ = {isa = PBXBuildFile; fileRef = 505A7944240A1A2500CF38C8 /* FadableButton.swift */; };
		505A7948240B34CB00CF38C8 /* MinimizableButton.swift in Sources */ = {isa = PBXBuildFile; fileRef = 505A7947240B34CB00CF38C8 /* MinimizableButton.swift */; };
		505A794B240B374100CF38C8 /* TimeInterval_Extension.swift in Sources */ = {isa = PBXBuildFile; fileRef = 505A794A240B374100CF38C8 /* TimeInterval_Extension.swift */; };
		505A794D240C7BDA00CF38C8 /* ChangeBackgroundColorButton.swift in Sources */ = {isa = PBXBuildFile; fileRef = 505A794C240C7BDA00CF38C8 /* ChangeBackgroundColorButton.swift */; };
		505A794F240C803000CF38C8 /* Colors.xcassets in Resources */ = {isa = PBXBuildFile; fileRef = 505A794E240C803000CF38C8 /* Colors.xcassets */; };
		505A7951240C844E00CF38C8 /* SingleSonarButton.swift in Sources */ = {isa = PBXBuildFile; fileRef = 505A7950240C844E00CF38C8 /* SingleSonarButton.swift */; };
		505A795E2415C26700CF38C8 /* CellAnimationViewController.swift in Sources */ = {isa = PBXBuildFile; fileRef = 505A795C2415C26700CF38C8 /* CellAnimationViewController.swift */; };
		505A79612415C29300CF38C8 /* CellAnimationViewController.storyboard in Resources */ = {isa = PBXBuildFile; fileRef = 505A79602415C29300CF38C8 /* CellAnimationViewController.storyboard */; };
/* End PBXBuildFile section */

/* Begin PBXFileReference section */
		505A7921240A0C6500CF38C8 /* CustomAnimation.app */ = {isa = PBXFileReference; explicitFileType = wrapper.application; includeInIndex = 0; path = CustomAnimation.app; sourceTree = BUILT_PRODUCTS_DIR; };
		505A7924240A0C6500CF38C8 /* AppDelegate.swift */ = {isa = PBXFileReference; lastKnownFileType = sourcecode.swift; path = AppDelegate.swift; sourceTree = "<group>"; };
		505A7926240A0C6500CF38C8 /* SceneDelegate.swift */ = {isa = PBXFileReference; lastKnownFileType = sourcecode.swift; path = SceneDelegate.swift; sourceTree = "<group>"; };
		505A7928240A0C6500CF38C8 /* ViewController.swift */ = {isa = PBXFileReference; lastKnownFileType = sourcecode.swift; path = ViewController.swift; sourceTree = "<group>"; };
		505A792B240A0C6500CF38C8 /* Base */ = {isa = PBXFileReference; lastKnownFileType = file.storyboard; name = Base; path = Base.lproj/Main.storyboard; sourceTree = "<group>"; };
		505A792D240A0C6600CF38C8 /* Assets.xcassets */ = {isa = PBXFileReference; lastKnownFileType = folder.assetcatalog; path = Assets.xcassets; sourceTree = "<group>"; };
		505A7930240A0C6700CF38C8 /* Base */ = {isa = PBXFileReference; lastKnownFileType = file.storyboard; name = Base; path = Base.lproj/LaunchScreen.storyboard; sourceTree = "<group>"; };
		505A7932240A0C6700CF38C8 /* Info.plist */ = {isa = PBXFileReference; lastKnownFileType = text.plist.xml; path = Info.plist; sourceTree = "<group>"; };
		505A7939240A0CD200CF38C8 /* ButtonAnimationViewController.swift */ = {isa = PBXFileReference; lastKnownFileType = sourcecode.swift; path = ButtonAnimationViewController.swift; sourceTree = "<group>"; };
		505A793F240A0FD400CF38C8 /* ButtonAnimationViewController.storyboard */ = {isa = PBXFileReference; lastKnownFileType = file.storyboard; path = ButtonAnimationViewController.storyboard; sourceTree = "<group>"; };
		505A7944240A1A2500CF38C8 /* FadableButton.swift */ = {isa = PBXFileReference; lastKnownFileType = sourcecode.swift; path = FadableButton.swift; sourceTree = "<group>"; };
		505A7947240B34CB00CF38C8 /* MinimizableButton.swift */ = {isa = PBXFileReference; lastKnownFileType = sourcecode.swift; path = MinimizableButton.swift; sourceTree = "<group>"; };
		505A794A240B374100CF38C8 /* TimeInterval_Extension.swift */ = {isa = PBXFileReference; lastKnownFileType = sourcecode.swift; path = TimeInterval_Extension.swift; sourceTree = "<group>"; };
		505A794C240C7BDA00CF38C8 /* ChangeBackgroundColorButton.swift */ = {isa = PBXFileReference; lastKnownFileType = sourcecode.swift; path = ChangeBackgroundColorButton.swift; sourceTree = "<group>"; };
		505A794E240C803000CF38C8 /* Colors.xcassets */ = {isa = PBXFileReference; lastKnownFileType = folder.assetcatalog; path = Colors.xcassets; sourceTree = "<group>"; };
		505A7950240C844E00CF38C8 /* SingleSonarButton.swift */ = {isa = PBXFileReference; lastKnownFileType = sourcecode.swift; path = SingleSonarButton.swift; sourceTree = "<group>"; };
		505A795C2415C26700CF38C8 /* CellAnimationViewController.swift */ = {isa = PBXFileReference; lastKnownFileType = sourcecode.swift; path = CellAnimationViewController.swift; sourceTree = "<group>"; };
		505A79602415C29300CF38C8 /* CellAnimationViewController.storyboard */ = {isa = PBXFileReference; lastKnownFileType = file.storyboard; path = CellAnimationViewController.storyboard; sourceTree = "<group>"; };
/* End PBXFileReference section */

/* Begin PBXFrameworksBuildPhase section */
		505A791E240A0C6500CF38C8 /* Frameworks */ = {
			isa = PBXFrameworksBuildPhase;
			buildActionMask = 2147483647;
			files = (
			);
			runOnlyForDeploymentPostprocessing = 0;
		};
/* End PBXFrameworksBuildPhase section */

/* Begin PBXGroup section */
		505A7918240A0C6500CF38C8 = {
			isa = PBXGroup;
			children = (
				505A7923240A0C6500CF38C8 /* CustomAnimation */,
				505A7922240A0C6500CF38C8 /* Products */,
			);
			sourceTree = "<group>";
		};
		505A7922240A0C6500CF38C8 /* Products */ = {
			isa = PBXGroup;
			children = (
				505A7921240A0C6500CF38C8 /* CustomAnimation.app */,
			);
			name = Products;
			sourceTree = "<group>";
		};
		505A7923240A0C6500CF38C8 /* CustomAnimation */ = {
			isa = PBXGroup;
			children = (
				505A7946240A1EF000CF38C8 /* Base */,
				505A7938240A0CA500CF38C8 /* ButtonAnimation */,
				505A795B2415C25700CF38C8 /* CellAnimation */,
				505A792D240A0C6600CF38C8 /* Assets.xcassets */,
				505A794E240C803000CF38C8 /* Colors.xcassets */,
				505A7932240A0C6700CF38C8 /* Info.plist */,
			);
			path = CustomAnimation;
			sourceTree = "<group>";
		};
		505A7938240A0CA500CF38C8 /* ButtonAnimation */ = {
			isa = PBXGroup;
			children = (
				505A7939240A0CD200CF38C8 /* ButtonAnimationViewController.swift */,
				505A793F240A0FD400CF38C8 /* ButtonAnimationViewController.storyboard */,
				505A7944240A1A2500CF38C8 /* FadableButton.swift */,
				505A7947240B34CB00CF38C8 /* MinimizableButton.swift */,
				505A794C240C7BDA00CF38C8 /* ChangeBackgroundColorButton.swift */,
				505A7950240C844E00CF38C8 /* SingleSonarButton.swift */,
			);
			path = ButtonAnimation;
			sourceTree = "<group>";
		};
		505A7946240A1EF000CF38C8 /* Base */ = {
			isa = PBXGroup;
			children = (
				505A7949240B373400CF38C8 /* Extension */,
				505A792F240A0C6700CF38C8 /* LaunchScreen.storyboard */,
				505A7924240A0C6500CF38C8 /* AppDelegate.swift */,
				505A7926240A0C6500CF38C8 /* SceneDelegate.swift */,
				505A792A240A0C6500CF38C8 /* Main.storyboard */,
				505A7928240A0C6500CF38C8 /* ViewController.swift */,
			);
			path = Base;
			sourceTree = "<group>";
		};
		505A7949240B373400CF38C8 /* Extension */ = {
			isa = PBXGroup;
			children = (
				505A794A240B374100CF38C8 /* TimeInterval_Extension.swift */,
			);
			path = Extension;
			sourceTree = "<group>";
		};
		505A795B2415C25700CF38C8 /* CellAnimation */ = {
			isa = PBXGroup;
			children = (
				505A795C2415C26700CF38C8 /* CellAnimationViewController.swift */,
				505A79602415C29300CF38C8 /* CellAnimationViewController.storyboard */,
			);
			path = CellAnimation;
			sourceTree = "<group>";
		};
/* End PBXGroup section */

/* Begin PBXNativeTarget section */
		505A7920240A0C6500CF38C8 /* CustomAnimation */ = {
			isa = PBXNativeTarget;
			buildConfigurationList = 505A7935240A0C6700CF38C8 /* Build configuration list for PBXNativeTarget "CustomAnimation" */;
			buildPhases = (
				505A791D240A0C6500CF38C8 /* Sources */,
				505A791E240A0C6500CF38C8 /* Frameworks */,
				505A791F240A0C6500CF38C8 /* Resources */,
			);
			buildRules = (
			);
			dependencies = (
			);
			name = CustomAnimation;
			productName = CustomButtonAnimation;
			productReference = 505A7921240A0C6500CF38C8 /* CustomAnimation.app */;
			productType = "com.apple.product-type.application";
		};
/* End PBXNativeTarget section */

/* Begin PBXProject section */
		505A7919240A0C6500CF38C8 /* Project object */ = {
			isa = PBXProject;
			attributes = {
				LastSwiftUpdateCheck = 1130;
				LastUpgradeCheck = 1130;
				ORGANIZATIONNAME = "Yuichiro Tsuji";
				TargetAttributes = {
					505A7920240A0C6500CF38C8 = {
						CreatedOnToolsVersion = 11.3.1;
					};
				};
			};
			buildConfigurationList = 505A791C240A0C6500CF38C8 /* Build configuration list for PBXProject "CustomAnimation" */;
			compatibilityVersion = "Xcode 9.3";
			developmentRegion = en;
			hasScannedForEncodings = 0;
			knownRegions = (
				en,
				Base,
			);
			mainGroup = 505A7918240A0C6500CF38C8;
			productRefGroup = 505A7922240A0C6500CF38C8 /* Products */;
			projectDirPath = "";
			projectRoot = "";
			targets = (
				505A7920240A0C6500CF38C8 /* CustomAnimation */,
			);
		};
/* End PBXProject section */

/* Begin PBXResourcesBuildPhase section */
		505A791F240A0C6500CF38C8 /* Resources */ = {
			isa = PBXResourcesBuildPhase;
			buildActionMask = 2147483647;
			files = (
				505A79612415C29300CF38C8 /* CellAnimationViewController.storyboard in Resources */,
				505A794F240C803000CF38C8 /* Colors.xcassets in Resources */,
				505A7931240A0C6700CF38C8 /* LaunchScreen.storyboard in Resources */,
				505A7940240A0FD500CF38C8 /* ButtonAnimationViewController.storyboard in Resources */,
				505A792E240A0C6600CF38C8 /* Assets.xcassets in Resources */,
				505A792C240A0C6500CF38C8 /* Main.storyboard in Resources */,
			);
			runOnlyForDeploymentPostprocessing = 0;
		};
/* End PBXResourcesBuildPhase section */

/* Begin PBXSourcesBuildPhase section */
		505A791D240A0C6500CF38C8 /* Sources */ = {
			isa = PBXSourcesBuildPhase;
			buildActionMask = 2147483647;
			files = (
				505A793B240A0CD200CF38C8 /* ButtonAnimationViewController.swift in Sources */,
				505A7951240C844E00CF38C8 /* SingleSonarButton.swift in Sources */,
				505A7945240A1A2500CF38C8 /* FadableButton.swift in Sources */,
				505A7929240A0C6500CF38C8 /* ViewController.swift in Sources */,
				505A7925240A0C6500CF38C8 /* AppDelegate.swift in Sources */,
				505A795E2415C26700CF38C8 /* CellAnimationViewController.swift in Sources */,
				505A7927240A0C6500CF38C8 /* SceneDelegate.swift in Sources */,
				505A7948240B34CB00CF38C8 /* MinimizableButton.swift in Sources */,
				505A794B240B374100CF38C8 /* TimeInterval_Extension.swift in Sources */,
				505A794D240C7BDA00CF38C8 /* ChangeBackgroundColorButton.swift in Sources */,
			);
			runOnlyForDeploymentPostprocessing = 0;
		};
/* End PBXSourcesBuildPhase section */

/* Begin PBXVariantGroup section */
		505A792A240A0C6500CF38C8 /* Main.storyboard */ = {
			isa = PBXVariantGroup;
			children = (
				505A792B240A0C6500CF38C8 /* Base */,
			);
			name = Main.storyboard;
			sourceTree = "<group>";
		};
		505A792F240A0C6700CF38C8 /* LaunchScreen.storyboard */ = {
			isa = PBXVariantGroup;
			children = (
				505A7930240A0C6700CF38C8 /* Base */,
			);
			name = LaunchScreen.storyboard;
			sourceTree = "<group>";
		};
/* End PBXVariantGroup section */

/* Begin XCBuildConfiguration section */
		505A7933240A0C6700CF38C8 /* Debug */ = {
			isa = XCBuildConfiguration;
			buildSettings = {
				ALWAYS_SEARCH_USER_PATHS = NO;
				CLANG_ANALYZER_NONNULL = YES;
				CLANG_ANALYZER_NUMBER_OBJECT_CONVERSION = YES_AGGRESSIVE;
				CLANG_CXX_LANGUAGE_STANDARD = "gnu++14";
				CLANG_CXX_LIBRARY = "libc++";
				CLANG_ENABLE_MODULES = YES;
				CLANG_ENABLE_OBJC_ARC = YES;
				CLANG_ENABLE_OBJC_WEAK = YES;
				CLANG_WARN_BLOCK_CAPTURE_AUTORELEASING = YES;
				CLANG_WARN_BOOL_CONVERSION = YES;
				CLANG_WARN_COMMA = YES;
				CLANG_WARN_CONSTANT_CONVERSION = YES;
				CLANG_WARN_DEPRECATED_OBJC_IMPLEMENTATIONS = YES;
				CLANG_WARN_DIRECT_OBJC_ISA_USAGE = YES_ERROR;
				CLANG_WARN_DOCUMENTATION_COMMENTS = YES;
				CLANG_WARN_EMPTY_BODY = YES;
				CLANG_WARN_ENUM_CONVERSION = YES;
				CLANG_WARN_INFINITE_RECURSION = YES;
				CLANG_WARN_INT_CONVERSION = YES;
				CLANG_WARN_NON_LITERAL_NULL_CONVERSION = YES;
				CLANG_WARN_OBJC_IMPLICIT_RETAIN_SELF = YES;
				CLANG_WARN_OBJC_LITERAL_CONVERSION = YES;
				CLANG_WARN_OBJC_ROOT_CLASS = YES_ERROR;
				CLANG_WARN_RANGE_LOOP_ANALYSIS = YES;
				CLANG_WARN_STRICT_PROTOTYPES = YES;
				CLANG_WARN_SUSPICIOUS_MOVE = YES;
				CLANG_WARN_UNGUARDED_AVAILABILITY = YES_AGGRESSIVE;
				CLANG_WARN_UNREACHABLE_CODE = YES;
				CLANG_WARN__DUPLICATE_METHOD_MATCH = YES;
				COPY_PHASE_STRIP = NO;
				DEBUG_INFORMATION_FORMAT = dwarf;
				ENABLE_STRICT_OBJC_MSGSEND = YES;
				ENABLE_TESTABILITY = YES;
				GCC_C_LANGUAGE_STANDARD = gnu11;
				GCC_DYNAMIC_NO_PIC = NO;
				GCC_NO_COMMON_BLOCKS = YES;
				GCC_OPTIMIZATION_LEVEL = 0;
				GCC_PREPROCESSOR_DEFINITIONS = (
					"DEBUG=1",
					"$(inherited)",
				);
				GCC_WARN_64_TO_32_BIT_CONVERSION = YES;
				GCC_WARN_ABOUT_RETURN_TYPE = YES_ERROR;
				GCC_WARN_UNDECLARED_SELECTOR = YES;
				GCC_WARN_UNINITIALIZED_AUTOS = YES_AGGRESSIVE;
				GCC_WARN_UNUSED_FUNCTION = YES;
				GCC_WARN_UNUSED_VARIABLE = YES;
				IPHONEOS_DEPLOYMENT_TARGET = 13.2;
				MTL_ENABLE_DEBUG_INFO = INCLUDE_SOURCE;
				MTL_FAST_MATH = YES;
				ONLY_ACTIVE_ARCH = YES;
				SDKROOT = iphoneos;
				SWIFT_ACTIVE_COMPILATION_CONDITIONS = DEBUG;
				SWIFT_OPTIMIZATION_LEVEL = "-Onone";
			};
			name = Debug;
		};
		505A7934240A0C6700CF38C8 /* Release */ = {
			isa = XCBuildConfiguration;
			buildSettings = {
				ALWAYS_SEARCH_USER_PATHS = NO;
				CLANG_ANALYZER_NONNULL = YES;
				CLANG_ANALYZER_NUMBER_OBJECT_CONVERSION = YES_AGGRESSIVE;
				CLANG_CXX_LANGUAGE_STANDARD = "gnu++14";
				CLANG_CXX_LIBRARY = "libc++";
				CLANG_ENABLE_MODULES = YES;
				CLANG_ENABLE_OBJC_ARC = YES;
				CLANG_ENABLE_OBJC_WEAK = YES;
				CLANG_WARN_BLOCK_CAPTURE_AUTORELEASING = YES;
				CLANG_WARN_BOOL_CONVERSION = YES;
				CLANG_WARN_COMMA = YES;
				CLANG_WARN_CONSTANT_CONVERSION = YES;
				CLANG_WARN_DEPRECATED_OBJC_IMPLEMENTATIONS = YES;
				CLANG_WARN_DIRECT_OBJC_ISA_USAGE = YES_ERROR;
				CLANG_WARN_DOCUMENTATION_COMMENTS = YES;
				CLANG_WARN_EMPTY_BODY = YES;
				CLANG_WARN_ENUM_CONVERSION = YES;
				CLANG_WARN_INFINITE_RECURSION = YES;
				CLANG_WARN_INT_CONVERSION = YES;
				CLANG_WARN_NON_LITERAL_NULL_CONVERSION = YES;
				CLANG_WARN_OBJC_IMPLICIT_RETAIN_SELF = YES;
				CLANG_WARN_OBJC_LITERAL_CONVERSION = YES;
				CLANG_WARN_OBJC_ROOT_CLASS = YES_ERROR;
				CLANG_WARN_RANGE_LOOP_ANALYSIS = YES;
				CLANG_WARN_STRICT_PROTOTYPES = YES;
				CLANG_WARN_SUSPICIOUS_MOVE = YES;
				CLANG_WARN_UNGUARDED_AVAILABILITY = YES_AGGRESSIVE;
				CLANG_WARN_UNREACHABLE_CODE = YES;
				CLANG_WARN__DUPLICATE_METHOD_MATCH = YES;
				COPY_PHASE_STRIP = NO;
				DEBUG_INFORMATION_FORMAT = "dwarf-with-dsym";
				ENABLE_NS_ASSERTIONS = NO;
				ENABLE_STRICT_OBJC_MSGSEND = YES;
				GCC_C_LANGUAGE_STANDARD = gnu11;
				GCC_NO_COMMON_BLOCKS = YES;
				GCC_WARN_64_TO_32_BIT_CONVERSION = YES;
				GCC_WARN_ABOUT_RETURN_TYPE = YES_ERROR;
				GCC_WARN_UNDECLARED_SELECTOR = YES;
				GCC_WARN_UNINITIALIZED_AUTOS = YES_AGGRESSIVE;
				GCC_WARN_UNUSED_FUNCTION = YES;
				GCC_WARN_UNUSED_VARIABLE = YES;
				IPHONEOS_DEPLOYMENT_TARGET = 13.2;
				MTL_ENABLE_DEBUG_INFO = NO;
				MTL_FAST_MATH = YES;
				SDKROOT = iphoneos;
				SWIFT_COMPILATION_MODE = wholemodule;
				SWIFT_OPTIMIZATION_LEVEL = "-O";
				VALIDATE_PRODUCT = YES;
			};
			name = Release;
		};
		505A7936240A0C6700CF38C8 /* Debug */ = {
			isa = XCBuildConfiguration;
			buildSettings = {
				ASSETCATALOG_COMPILER_APPICON_NAME = AppIcon;
				CODE_SIGN_STYLE = Automatic;
				INFOPLIST_FILE = "$(SRCROOT)/CustomAnimation/Info.plist";
				LD_RUNPATH_SEARCH_PATHS = (
					"$(inherited)",
					"@executable_path/Frameworks",
				);
				PRODUCT_BUNDLE_IDENTIFIER = com.CustomAnimation;
				PRODUCT_NAME = CustomAnimation;
				SWIFT_VERSION = 5.0;
				TARGETED_DEVICE_FAMILY = "1,2";
			};
			name = Debug;
		};
		505A7937240A0C6700CF38C8 /* Release */ = {
			isa = XCBuildConfiguration;
			buildSettings = {
				ASSETCATALOG_COMPILER_APPICON_NAME = AppIcon;
				CODE_SIGN_STYLE = Automatic;
				INFOPLIST_FILE = "$(SRCROOT)/CustomAnimation/Info.plist";
				LD_RUNPATH_SEARCH_PATHS = (
					"$(inherited)",
					"@executable_path/Frameworks",
				);
				PRODUCT_BUNDLE_IDENTIFIER = com.CustomAnimation;
				PRODUCT_NAME = CustomAnimation;
				SWIFT_VERSION = 5.0;
				TARGETED_DEVICE_FAMILY = "1,2";
			};
			name = Release;
		};
/* End XCBuildConfiguration section */

/* Begin XCConfigurationList section */
		505A791C240A0C6500CF38C8 /* Build configuration list for PBXProject "CustomAnimation" */ = {
			isa = XCConfigurationList;
			buildConfigurations = (
				505A7933240A0C6700CF38C8 /* Debug */,
				505A7934240A0C6700CF38C8 /* Release */,
			);
			defaultConfigurationIsVisible = 0;
			defaultConfigurationName = Release;
		};
		505A7935240A0C6700CF38C8 /* Build configuration list for PBXNativeTarget "CustomAnimation" */ = {
			isa = XCConfigurationList;
			buildConfigurations = (
				505A7936240A0C6700CF38C8 /* Debug */,
				505A7937240A0C6700CF38C8 /* Release */,
			);
			defaultConfigurationIsVisible = 0;
			defaultConfigurationName = Release;
		};
/* End XCConfigurationList section */
	};
	rootObject = 505A7919240A0C6500CF38C8 /* Project object */;
}
